dependencies:
- name: common
  repository: https://charts.bitnami.com/bitnami
  version: 1.17.1
- name: postgresql
  repository: https://charts.bitnami.com/bitnami
  version: 11.9.13
- name: browserless-chrome
  repository: https://charts.sagikazarmark.dev
  version: 0.0.4
- name: scheduler
  repository: ""
  version: 0.0.1
digest: sha256:76c1117a17d2407d41b21d0317cbdbd1cd44a910fd51b2992aba42f9280744d1
generated: "2023-04-19T15:59:22.801299177+02:00"
